
Microsoft Visual Studio Solution File, Format Version 12.00
# Visual Studio Version 17
VisualStudioVersion = 17.4.33213.308
MinimumVisualStudioVersion = 10.0.40219.1
Project("{2150E333-8FDC-42A3-9474-1A3956D46DE8}") = "PresentationLayer", "PresentationLayer", "{C78C04CE-759D-48DE-A6E3-0CF56043506E}"
EndProject
Project("{2150E333-8FDC-42A3-9474-1A3956D46DE8}") = "Application", "Application", "{A4DF4F07-8C88-477A-9235-81EEFBB1BDA1}"
EndProject
Project("{9A19103F-16F7-4668-BE54-9A1E7A4F7556}") = "Pokedex.Web", "Pokedex.Web\Pokedex.Web.csproj", "{7353D3F9-559F-4603-974A-03D2080EB108}"
EndProject
Project("{9A19103F-16F7-4668-BE54-9A1E7A4F7556}") = "Application", "Application\Application.csproj", "{97A0D05C-0291-4DEB-BCD1-145BAD96CCC9}"
EndProject
Project("{2150E333-8FDC-42A3-9474-1A3956D46DE8}") = "DataBase", "DataBase", "{663689F4-9E0A-44EA-8226-F651D2796510}"
EndProject
Project("{9A19103F-16F7-4668-BE54-9A1E7A4F7556}") = "Database", "Database\Database.csproj", "{4FB4E1C4-7F6D-43E1-9793-58C7567A92E2}"
EndProject
Global
	GlobalSection(SolutionConfigurationPlatforms) = preSolution
		Debug|Any CPU = Debug|Any CPU
		Release|Any CPU = Release|Any CPU
	EndGlobalSection
	GlobalSection(ProjectConfigurationPlatforms) = postSolution
		{7353D3F9-559F-4603-974A-03D2080EB108}.Debug|Any CPU.ActiveCfg = Debug|Any CPU
		{7353D3F9-559F-4603-974A-03D2080EB108}.Debug|Any CPU.Build.0 = Debug|Any CPU
		{7353D3F9-559F-4603-974A-03D2080EB108}.Release|Any CPU.ActiveCfg = Release|Any CPU
		{7353D3F9-559F-4603-974A-03D2080EB108}.Release|Any CPU.Build.0 = Release|Any CPU
		{97A0D05C-0291-4DEB-BCD1-145BAD96CCC9}.Debug|Any CPU.ActiveCfg = Debug|Any CPU
		{97A0D05C-0291-4DEB-BCD1-145BAD96CCC9}.Debug|Any CPU.Build.0 = Debug|Any CPU
		{97A0D05C-0291-4DEB-BCD1-145BAD96CCC9}.Release|Any CPU.ActiveCfg = Release|Any CPU
		{97A0D05C-0291-4DEB-BCD1-145BAD96CCC9}.Release|Any CPU.Build.0 = Release|Any CPU
		{4FB4E1C4-7F6D-43E1-9793-58C7567A92E2}.Debug|Any CPU.ActiveCfg = Debug|Any CPU
		{4FB4E1C4-7F6D-43E1-9793-58C7567A92E2}.Debug|Any CPU.Build.0 = Debug|Any CPU
		{4FB4E1C4-7F6D-43E1-9793-58C7567A92E2}.Release|Any CPU.ActiveCfg = Release|Any CPU
		{4FB4E1C4-7F6D-43E1-9793-58C7567A92E2}.Release|Any CPU.Build.0 = Release|Any CPU
	EndGlobalSection
	GlobalSection(SolutionProperties) = preSolution
		HideSolutionNode = FALSE
	EndGlobalSection
	GlobalSection(NestedProjects) = preSolution
		{7353D3F9-559F-4603-974A-03D2080EB108} = {C78C04CE-759D-48DE-A6E3-0CF56043506E}
		{97A0D05C-0291-4DEB-BCD1-145BAD96CCC9} = {A4DF4F07-8C88-477A-9235-81EEFBB1BDA1}
		{4FB4E1C4-7F6D-43E1-9793-58C7567A92E2} = {663689F4-9E0A-44EA-8226-F651D2796510}
	EndGlobalSection
	GlobalSection(ExtensibilityGlobals) = postSolution
		SolutionGuid = {F45BAC63-E2E7-4A8A-8B5D-FC63F52B9AB6}
	EndGlobalSection
EndGlobal
